// !$*UTF8*$!
{
	archiveVersion = 1;
	classes = {
	};
	objectVersion = 46;
	objects = {

/* Begin PBXBuildFile section */
		81CE76F31F9A9024003819E9 /* AppDelegate.swift in Sources */ = {isa = PBXBuildFile; fileRef = 81CE76F21F9A9024003819E9 /* AppDelegate.swift */; };
		81CE76F51F9A9024003819E9 /* FirstViewController.swift in Sources */ = {isa = PBXBuildFile; fileRef = 81CE76F41F9A9024003819E9 /* FirstViewController.swift */; };
		81CE76F71F9A9024003819E9 /* SecondViewController.swift in Sources */ = {isa = PBXBuildFile; fileRef = 81CE76F61F9A9024003819E9 /* SecondViewController.swift */; };
		81CE76FA1F9A9024003819E9 /* Main.storyboard in Resources */ = {isa = PBXBuildFile; fileRef = 81CE76F81F9A9024003819E9 /* Main.storyboard */; };
		81CE76FC1F9A9025003819E9 /* Assets.xcassets in Resources */ = {isa = PBXBuildFile; fileRef = 81CE76FB1F9A9025003819E9 /* Assets.xcassets */; };
		81CE76FF1F9A9025003819E9 /* LaunchScreen.storyboard in Resources */ = {isa = PBXBuildFile; fileRef = 81CE76FD1F9A9025003819E9 /* LaunchScreen.storyboard */; };
		81CE770A1F9A9025003819E9 /* MorseSenderTests.swift in Sources */ = {isa = PBXBuildFile; fileRef = 81CE77091F9A9025003819E9 /* MorseSenderTests.swift */; };
		81CE77151F9A9025003819E9 /* MorseSenderUITests.swift in Sources */ = {isa = PBXBuildFile; fileRef = 81CE77141F9A9025003819E9 /* MorseSenderUITests.swift */; };
		81CE77231F9A9664003819E9 /* button.png in Resources */ = {isa = PBXBuildFile; fileRef = 81CE77221F9A9664003819E9 /* button.png */; };
/* End PBXBuildFile section */

/* Begin PBXContainerItemProxy section */
		81CE77061F9A9025003819E9 /* PBXContainerItemProxy */ = {
			isa = PBXContainerItemProxy;
			containerPortal = 81CE76E71F9A9024003819E9 /* Project object */;
			proxyType = 1;
			remoteGlobalIDString = 81CE76EE1F9A9024003819E9;
			remoteInfo = MorseSender;
		};
		81CE77111F9A9025003819E9 /* PBXContainerItemProxy */ = {
			isa = PBXContainerItemProxy;
			containerPortal = 81CE76E71F9A9024003819E9 /* Project object */;
			proxyType = 1;
			remoteGlobalIDString = 81CE76EE1F9A9024003819E9;
			remoteInfo = MorseSender;
		};
/* End PBXContainerItemProxy section */

/* Begin PBXFileReference section */
		81CE76EF1F9A9024003819E9 /* MorseSender.app */ = {isa = PBXFileReference; explicitFileType = wrapper.application; includeInIndex = 0; path = MorseSender.app; sourceTree = BUILT_PRODUCTS_DIR; };
		81CE76F21F9A9024003819E9 /* AppDelegate.swift */ = {isa = PBXFileReference; lastKnownFileType = sourcecode.swift; path = AppDelegate.swift; sourceTree = "<group>"; };
		81CE76F41F9A9024003819E9 /* FirstViewController.swift */ = {isa = PBXFileReference; lastKnownFileType = sourcecode.swift; path = FirstViewController.swift; sourceTree = "<group>"; };
		81CE76F61F9A9024003819E9 /* SecondViewController.swift */ = {isa = PBXFileReference; lastKnownFileType = sourcecode.swift; path = SecondViewController.swift; sourceTree = "<group>"; };
		81CE76F91F9A9024003819E9 /* Base */ = {isa = PBXFileReference; lastKnownFileType = file.storyboard; name = Base; path = Base.lproj/Main.storyboard; sourceTree = "<group>"; };
		81CE76FB1F9A9025003819E9 /* Assets.xcassets */ = {isa = PBXFileReference; lastKnownFileType = folder.assetcatalog; path = Assets.xcassets; sourceTree = "<group>"; };
		81CE76FE1F9A9025003819E9 /* Base */ = {isa = PBXFileReference; lastKnownFileType = file.storyboard; name = Base; path = Base.lproj/LaunchScreen.storyboard; sourceTree = "<group>"; };
		81CE77001F9A9025003819E9 /* Info.plist */ = {isa = PBXFileReference; lastKnownFileType = text.plist.xml; path = Info.plist; sourceTree = "<group>"; };
		81CE77051F9A9025003819E9 /* MorseSenderTests.xctest */ = {isa = PBXFileReference; explicitFileType = wrapper.cfbundle; includeInIndex = 0; path = MorseSenderTests.xctest; sourceTree = BUILT_PRODUCTS_DIR; };
		81CE77091F9A9025003819E9 /* MorseSenderTests.swift */ = {isa = PBXFileReference; lastKnownFileType = sourcecode.swift; path = MorseSenderTests.swift; sourceTree = "<group>"; };
		81CE770B1F9A9025003819E9 /* Info.plist */ = {isa = PBXFileReference; lastKnownFileType = text.plist.xml; path = Info.plist; sourceTree = "<group>"; };
		81CE77101F9A9025003819E9 /* MorseSenderUITests.xctest */ = {isa = PBXFileReference; explicitFileType = wrapper.cfbundle; includeInIndex = 0; path = MorseSenderUITests.xctest; sourceTree = BUILT_PRODUCTS_DIR; };
		81CE77141F9A9025003819E9 /* MorseSenderUITests.swift */ = {isa = PBXFileReference; lastKnownFileType = sourcecode.swift; path = MorseSenderUITests.swift; sourceTree = "<group>"; };
		81CE77161F9A9025003819E9 /* Info.plist */ = {isa = PBXFileReference; lastKnownFileType = text.plist.xml; path = Info.plist; sourceTree = "<group>"; };
		81CE77221F9A9664003819E9 /* button.png */ = {isa = PBXFileReference; lastKnownFileType = image.png; name = button.png; path = ../../button.png; sourceTree = "<group>"; };
/* End PBXFileReference section */

/* Begin PBXFrameworksBuildPhase section */
		81CE76EC1F9A9024003819E9 /* Frameworks */ = {
			isa = PBXFrameworksBuildPhase;
			buildActionMask = 2147483647;
			files = (
			);
			runOnlyForDeploymentPostprocessing = 0;
		};
		81CE77021F9A9025003819E9 /* Frameworks */ = {
			isa = PBXFrameworksBuildPhase;
			buildActionMask = 2147483647;
			files = (
			);
			runOnlyForDeploymentPostprocessing = 0;
		};
		81CE770D1F9A9025003819E9 /* Frameworks */ = {
			isa = PBXFrameworksBuildPhase;
			buildActionMask = 2147483647;
			files = (
			);
			runOnlyForDeploymentPostprocessing = 0;
		};
/* End PBXFrameworksBuildPhase section */

/* Begin PBXGroup section */
		81CE76E61F9A9024003819E9 = {
			isa = PBXGroup;
			children = (
				81CE76F11F9A9024003819E9 /* MorseSender */,
				81CE77081F9A9025003819E9 /* MorseSenderTests */,
				81CE77131F9A9025003819E9 /* MorseSenderUITests */,
				81CE76F01F9A9024003819E9 /* Products */,
			);
			sourceTree = "<group>";
		};
		81CE76F01F9A9024003819E9 /* Products */ = {
			isa = PBXGroup;
			children = (
				81CE76EF1F9A9024003819E9 /* MorseSender.app */,
				81CE77051F9A9025003819E9 /* MorseSenderTests.xctest */,
				81CE77101F9A9025003819E9 /* MorseSenderUITests.xctest */,
			);
			name = Products;
			sourceTree = "<group>";
		};
		81CE76F11F9A9024003819E9 /* MorseSender */ = {
			isa = PBXGroup;
			children = (
				81CE76F21F9A9024003819E9 /* AppDelegate.swift */,
				81CE76F41F9A9024003819E9 /* FirstViewController.swift */,
				81CE76F61F9A9024003819E9 /* SecondViewController.swift */,
				81CE76F81F9A9024003819E9 /* Main.storyboard */,
				81CE76FB1F9A9025003819E9 /* Assets.xcassets */,
				81CE77221F9A9664003819E9 /* button.png */,
				81CE76FD1F9A9025003819E9 /* LaunchScreen.storyboard */,
				81CE77001F9A9025003819E9 /* Info.plist */,
			);
			path = MorseSender;
			sourceTree = "<group>";
		};
		81CE77081F9A9025003819E9 /* MorseSenderTests */ = {
			isa = PBXGroup;
			children = (
				81CE77091F9A9025003819E9 /* MorseSenderTests.swift */,
				81CE770B1F9A9025003819E9 /* Info.plist */,
			);
			path = MorseSenderTests;
			sourceTree = "<group>";
		};
		81CE77131F9A9025003819E9 /* MorseSenderUITests */ = {
			isa = PBXGroup;
			children = (
				81CE77141F9A9025003819E9 /* MorseSenderUITests.swift */,
				81CE77161F9A9025003819E9 /* Info.plist */,
			);
			path = MorseSenderUITests;
			sourceTree = "<group>";
		};
/* End PBXGroup section */

/* Begin PBXNativeTarget section */
		81CE76EE1F9A9024003819E9 /* MorseSender */ = {
			isa = PBXNativeTarget;
			buildConfigurationList = 81CE77191F9A9025003819E9 /* Build configuration list for PBXNativeTarget "MorseSender" */;
			buildPhases = (
				81CE76EB1F9A9024003819E9 /* Sources */,
				81CE76EC1F9A9024003819E9 /* Frameworks */,
				81CE76ED1F9A9024003819E9 /* Resources */,
			);
			buildRules = (
			);
			dependencies = (
			);
			name = MorseSender;
			productName = MorseSender;
			productReference = 81CE76EF1F9A9024003819E9 /* MorseSender.app */;
			productType = "com.apple.product-type.application";
		};
		81CE77041F9A9025003819E9 /* MorseSenderTests */ = {
			isa = PBXNativeTarget;
			buildConfigurationList = 81CE771C1F9A9025003819E9 /* Build configuration list for PBXNativeTarget "MorseSenderTests" */;
			buildPhases = (
				81CE77011F9A9025003819E9 /* Sources */,
				81CE77021F9A9025003819E9 /* Frameworks */,
				81CE77031F9A9025003819E9 /* Resources */,
			);
			buildRules = (
			);
			dependencies = (
				81CE77071F9A9025003819E9 /* PBXTargetDependency */,
			);
			name = MorseSenderTests;
			productName = MorseSenderTests;
			productReference = 81CE77051F9A9025003819E9 /* MorseSenderTests.xctest */;
			productType = "com.apple.product-type.bundle.unit-test";
		};
		81CE770F1F9A9025003819E9 /* MorseSenderUITests */ = {
			isa = PBXNativeTarget;
			buildConfigurationList = 81CE771F1F9A9025003819E9 /* Build configuration list for PBXNativeTarget "MorseSenderUITests" */;
			buildPhases = (
				81CE770C1F9A9025003819E9 /* Sources */,
				81CE770D1F9A9025003819E9 /* Frameworks */,
				81CE770E1F9A9025003819E9 /* Resources */,
			);
			buildRules = (
			);
			dependencies = (
				81CE77121F9A9025003819E9 /* PBXTargetDependency */,
			);
			name = MorseSenderUITests;
			productName = MorseSenderUITests;
			productReference = 81CE77101F9A9025003819E9 /* MorseSenderUITests.xctest */;
			productType = "com.apple.product-type.bundle.ui-testing";
		};
/* End PBXNativeTarget section */

/* Begin PBXProject section */
		81CE76E71F9A9024003819E9 /* Project object */ = {
			isa = PBXProject;
			attributes = {
				LastSwiftUpdateCheck = 0820;
				LastUpgradeCheck = 0820;
				ORGANIZATIONNAME = "Sharon Kuang";
				TargetAttributes = {
					81CE76EE1F9A9024003819E9 = {
						CreatedOnToolsVersion = 8.2.1;
						ProvisioningStyle = Automatic;
					};
					81CE77041F9A9025003819E9 = {
						CreatedOnToolsVersion = 8.2.1;
						ProvisioningStyle = Automatic;
						TestTargetID = 81CE76EE1F9A9024003819E9;
					};
					81CE770F1F9A9025003819E9 = {
						CreatedOnToolsVersion = 8.2.1;
						ProvisioningStyle = Automatic;
						TestTargetID = 81CE76EE1F9A9024003819E9;
					};
				};
			};
			buildConfigurationList = 81CE76EA1F9A9024003819E9 /* Build configuration list for PBXProject "MorseSender" */;
			compatibilityVersion = "Xcode 3.2";
			developmentRegion = English;
			hasScannedForEncodings = 0;
			knownRegions = (
				en,
				Base,
			);
			mainGroup = 81CE76E61F9A9024003819E9;
			productRefGroup = 81CE76F01F9A9024003819E9 /* Products */;
			projectDirPath = "";
			projectRoot = "";
			targets = (
				81CE76EE1F9A9024003819E9 /* MorseSender */,
				81CE77041F9A9025003819E9 /* MorseSenderTests */,
				81CE770F1F9A9025003819E9 /* MorseSenderUITests */,
			);
		};
/* End PBXProject section */

/* Begin PBXResourcesBuildPhase section */
		81CE76ED1F9A9024003819E9 /* Resources */ = {
			isa = PBXResourcesBuildPhase;
			buildActionMask = 2147483647;
			files = (
				81CE76FF1F9A9025003819E9 /* LaunchScreen.storyboard in Resources */,
				81CE77231F9A9664003819E9 /* button.png in Resources */,
				81CE76FC1F9A9025003819E9 /* Assets.xcassets in Resources */,
				81CE76FA1F9A9024003819E9 /* Main.storyboard in Resources */,
			);
			runOnlyForDeploymentPostprocessing = 0;
		};
		81CE77031F9A9025003819E9 /* Resources */ = {
			isa = PBXResourcesBuildPhase;
			buildActionMask = 2147483647;
			files = (
			);
			runOnlyForDeploymentPostprocessing = 0;
		};
		81CE770E1F9A9025003819E9 /* Resources */ = {
			isa = PBXResourcesBuildPhase;
			buildActionMask = 2147483647;
			files = (
			);
			runOnlyForDeploymentPostprocessing = 0;
		};
/* End PBXResourcesBuildPhase section */

/* Begin PBXSourcesBuildPhase section */
		81CE76EB1F9A9024003819E9 /* Sources */ = {
			isa = PBXSourcesBuildPhase;
			buildActionMask = 2147483647;
			files = (
				81CE76F71F9A9024003819E9 /* SecondViewController.swift in Sources */,
				81CE76F31F9A9024003819E9 /* AppDelegate.swift in Sources */,
				81CE76F51F9A9024003819E9 /* FirstViewController.swift in Sources */,
			);
			runOnlyForDeploymentPostprocessing = 0;
		};
		81CE77011F9A9025003819E9 /* Sources */ = {
			isa = PBXSourcesBuildPhase;
			buildActionMask = 2147483647;
			files = (
				81CE770A1F9A9025003819E9 /* MorseSenderTests.swift in Sources */,
			);
			runOnlyForDeploymentPostprocessing = 0;
		};
		81CE770C1F9A9025003819E9 /* Sources */ = {
			isa = PBXSourcesBuildPhase;
			buildActionMask = 2147483647;
			files = (
				81CE77151F9A9025003819E9 /* MorseSenderUITests.swift in Sources */,
			);
			runOnlyForDeploymentPostprocessing = 0;
		};
/* End PBXSourcesBuildPhase section */

/* Begin PBXTargetDependency section */
		81CE77071F9A9025003819E9 /* PBXTargetDependency */ = {
			isa = PBXTargetDependency;
			target = 81CE76EE1F9A9024003819E9 /* MorseSender */;
			targetProxy = 81CE77061F9A9025003819E9 /* PBXContainerItemProxy */;
		};
		81CE77121F9A9025003819E9 /* PBXTargetDependency */ = {
			isa = PBXTargetDependency;
			target = 81CE76EE1F9A9024003819E9 /* MorseSender */;
			targetProxy = 81CE77111F9A9025003819E9 /* PBXContainerItemProxy */;
		};
/* End PBXTargetDependency section */

/* Begin PBXVariantGroup section */
		81CE76F81F9A9024003819E9 /* Main.storyboard */ = {
			isa = PBXVariantGroup;
			children = (
				81CE76F91F9A9024003819E9 /* Base */,
			);
			name = Main.storyboard;
			sourceTree = "<group>";
		};
		81CE76FD1F9A9025003819E9 /* LaunchScreen.storyboard */ = {
			isa = PBXVariantGroup;
			children = (
				81CE76FE1F9A9025003819E9 /* Base */,
			);
			name = LaunchScreen.storyboard;
			sourceTree = "<group>";
		};
/* End PBXVariantGroup section */

/* Begin XCBuildConfiguration section */
		81CE77171F9A9025003819E9 /* Debug */ = {
			isa = XCBuildConfiguration;
			buildSettings = {
				ALWAYS_SEARCH_USER_PATHS = NO;
				CLANG_ANALYZER_NONNULL = YES;
				CLANG_CXX_LANGUAGE_STANDARD = "gnu++0x";
				CLANG_CXX_LIBRARY = "libc++";
				CLANG_ENABLE_MODULES = YES;
				CLANG_ENABLE_OBJC_ARC = YES;
				CLANG_WARN_BOOL_CONVERSION = YES;
				CLANG_WARN_CONSTANT_CONVERSION = YES;
				CLANG_WARN_DIRECT_OBJC_ISA_USAGE = YES_ERROR;
				CLANG_WARN_DOCUMENTATION_COMMENTS = YES;
				CLANG_WARN_EMPTY_BODY = YES;
				CLANG_WARN_ENUM_CONVERSION = YES;
				CLANG_WARN_INFINITE_RECURSION = YES;
				CLANG_WARN_INT_CONVERSION = YES;
				CLANG_WARN_OBJC_ROOT_CLASS = YES_ERROR;
				CLANG_WARN_SUSPICIOUS_MOVE = YES;
				CLANG_WARN_UNREACHABLE_CODE = YES;
				CLANG_WARN__DUPLICATE_METHOD_MATCH = YES;
				"CODE_SIGN_IDENTITY[sdk=iphoneos*]" = "iPhone Developer";
				COPY_PHASE_STRIP = NO;
				DEBUG_INFORMATION_FORMAT = dwarf;
				ENABLE_STRICT_OBJC_MSGSEND = YES;
				ENABLE_TESTABILITY = YES;
				GCC_C_LANGUAGE_STANDARD = gnu99;
				GCC_DYNAMIC_NO_PIC = NO;
				GCC_NO_COMMON_BLOCKS = YES;
				GCC_OPTIMIZATION_LEVEL = 0;
				GCC_PREPROCESSOR_DEFINITIONS = (
					"DEBUG=1",
					"$(inherited)",
				);
				GCC_WARN_64_TO_32_BIT_CONVERSION = YES;
				GCC_WARN_ABOUT_RETURN_TYPE = YES_ERROR;
				GCC_WARN_UNDECLARED_SELECTOR = YES;
				GCC_WARN_UNINITIALIZED_AUTOS = YES_AGGRESSIVE;
				GCC_WARN_UNUSED_FUNCTION = YES;
				GCC_WARN_UNUSED_VARIABLE = YES;
				IPHONEOS_DEPLOYMENT_TARGET = 10.2;
				MTL_ENABLE_DEBUG_INFO = YES;
				ONLY_ACTIVE_ARCH = YES;
				SDKROOT = iphoneos;
				SWIFT_ACTIVE_COMPILATION_CONDITIONS = DEBUG;
				SWIFT_OPTIMIZATION_LEVEL = "-Onone";
				TARGETED_DEVICE_FAMILY = "1,2";
			};
			name = Debug;
		};
		81CE77181F9A9025003819E9 /* Release */ = {
			isa = XCBuildConfiguration;
			buildSettings = {
				ALWAYS_SEARCH_USER_PATHS = NO;
				CLANG_ANALYZER_NONNULL = YES;
				CLANG_CXX_LANGUAGE_STANDARD = "gnu++0x";
				CLANG_CXX_LIBRARY = "libc++";
				CLANG_ENABLE_MODULES = YES;
				CLANG_ENABLE_OBJC_ARC = YES;
				CLANG_WARN_BOOL_CONVERSION = YES;
				CLANG_WARN_CONSTANT_CONVERSION = YES;
				CLANG_WARN_DIRECT_OBJC_ISA_USAGE = YES_ERROR;
				CLANG_WARN_DOCUMENTATION_COMMENTS = YES;
				CLANG_WARN_EMPTY_BODY = YES;
				CLANG_WARN_ENUM_CONVERSION = YES;
				CLANG_WARN_INFINITE_RECURSION = YES;
				CLANG_WARN_INT_CONVERSION = YES;
				CLANG_WARN_OBJC_ROOT_CLASS = YES_ERROR;
				CLANG_WARN_SUSPICIOUS_MOVE = YES;
				CLANG_WARN_UNREACHABLE_CODE = YES;
				CLANG_WARN__DUPLICATE_METHOD_MATCH = YES;
				"CODE_SIGN_IDENTITY[sdk=iphoneos*]" = "iPhone Developer";
				COPY_PHASE_STRIP = NO;
				DEBUG_INFORMATION_FORMAT = "dwarf-with-dsym";
				ENABLE_NS_ASSERTIONS = NO;
				ENABLE_STRICT_OBJC_MSGSEND = YES;
				GCC_C_LANGUAGE_STANDARD = gnu99;
				GCC_NO_COMMON_BLOCKS = YES;
				GCC_WARN_64_TO_32_BIT_CONVERSION = YES;
				GCC_WARN_ABOUT_RETURN_TYPE = YES_ERROR;
				GCC_WARN_UNDECLARED_SELECTOR = YES;
				GCC_WARN_UNINITIALIZED_AUTOS = YES_AGGRESSIVE;
				GCC_WARN_UNUSED_FUNCTION = YES;
				GCC_WARN_UNUSED_VARIABLE = YES;
				IPHONEOS_DEPLOYMENT_TARGET = 10.2;
				MTL_ENABLE_DEBUG_INFO = NO;
				SDKROOT = iphoneos;
				SWIFT_OPTIMIZATION_LEVEL = "-Owholemodule";
				TARGETED_DEVICE_FAMILY = "1,2";
				VALIDATE_PRODUCT = YES;
			};
			name = Release;
		};
		81CE771A1F9A9025003819E9 /* Debug */ = {
			isa = XCBuildConfiguration;
			buildSettings = {
				ASSETCATALOG_COMPILER_APPICON_NAME = AppIcon;
				INFOPLIST_FILE = MorseSender/Info.plist;
				LD_RUNPATH_SEARCH_PATHS = "$(inherited) @executable_path/Frameworks";
				PRODUCT_BUNDLE_IDENTIFIER = edu.calpoly.skuang01.MorseSender;
				PRODUCT_NAME = "$(TARGET_NAME)";
				SWIFT_VERSION = 3.0;
			};
			name = Debug;
		};
		81CE771B1F9A9025003819E9 /* Release */ = {
			isa = XCBuildConfiguration;
			buildSettings = {
				ASSETCATALOG_COMPILER_APPICON_NAME = AppIcon;
				INFOPLIST_FILE = MorseSender/Info.plist;
				LD_RUNPATH_SEARCH_PATHS = "$(inherited) @executable_path/Frameworks";
				PRODUCT_BUNDLE_IDENTIFIER = edu.calpoly.skuang01.MorseSender;
				PRODUCT_NAME = "$(TARGET_NAME)";
				SWIFT_VERSION = 3.0;
			};
			name = Release;
		};
		81CE771D1F9A9025003819E9 /* Debug */ = {
			isa = XCBuildConfiguration;
			buildSettings = {
				ALWAYS_EMBED_SWIFT_STANDARD_LIBRARIES = YES;
				BUNDLE_LOADER = "$(TEST_HOST)";
				INFOPLIST_FILE = MorseSenderTests/Info.plist;
				LD_RUNPATH_SEARCH_PATHS = "$(inherited) @executable_path/Frameworks @loader_path/Frameworks";
				PRODUCT_BUNDLE_IDENTIFIER = edu.calpoly.skuang01.MorseSenderTests;
				PRODUCT_NAME = "$(TARGET_NAME)";
				SWIFT_VERSION = 3.0;
				TEST_HOST = "$(BUILT_PRODUCTS_DIR)/MorseSender.app/MorseSender";
			};
			name = Debug;
		};
		81CE771E1F9A9025003819E9 /* Release */ = {
			isa = XCBuildConfiguration;
			buildSettings = {
				ALWAYS_EMBED_SWIFT_STANDARD_LIBRARIES = YES;
				BUNDLE_LOADER = "$(TEST_HOST)";
				INFOPLIST_FILE = MorseSenderTests/Info.plist;
				LD_RUNPATH_SEARCH_PATHS = "$(inherited) @executable_path/Frameworks @loader_path/Frameworks";
				PRODUCT_BUNDLE_IDENTIFIER = edu.calpoly.skuang01.MorseSenderTests;
				PRODUCT_NAME = "$(TARGET_NAME)";
				SWIFT_VERSION = 3.0;
				TEST_HOST = "$(BUILT_PRODUCTS_DIR)/MorseSender.app/MorseSender";
			};
			name = Release;
		};
		81CE77201F9A9025003819E9 /* Debug */ = {
			isa = XCBuildConfiguration;
			buildSettings = {
				ALWAYS_EMBED_SWIFT_STANDARD_LIBRARIES = YES;
				INFOPLIST_FILE = MorseSenderUITests/Info.plist;
				LD_RUNPATH_SEARCH_PATHS = "$(inherited) @executable_path/Frameworks @loader_path/Frameworks";
				PRODUCT_BUNDLE_IDENTIFIER = edu.calpoly.skuang01.MorseSenderUITests;
				PRODUCT_NAME = "$(TARGET_NAME)";
				SWIFT_VERSION = 3.0;
				TEST_TARGET_NAME = MorseSender;
			};
			name = Debug;
		};
		81CE77211F9A9025003819E9 /* Release */ = {
			isa = XCBuildConfiguration;
			buildSettings = {
				ALWAYS_EMBED_SWIFT_STANDARD_LIBRARIES = YES;
				INFOPLIST_FILE = MorseSenderUITests/Info.plist;
				LD_RUNPATH_SEARCH_PATHS = "$(inherited) @executable_path/Frameworks @loader_path/Frameworks";
				PRODUCT_BUNDLE_IDENTIFIER = edu.calpoly.skuang01.MorseSenderUITests;
				PRODUCT_NAME = "$(TARGET_NAME)";
				SWIFT_VERSION = 3.0;
				TEST_TARGET_NAME = MorseSender;
			};
			name = Release;
		};
/* End XCBuildConfiguration section */

/* Begin XCConfigurationList section */
		81CE76EA1F9A9024003819E9 /* Build configuration list for PBXProject "MorseSender" */ = {
			isa = XCConfigurationList;
			buildConfigurations = (
				81CE77171F9A9025003819E9 /* Debug */,
				81CE77181F9A9025003819E9 /* Release */,
			);
			defaultConfigurationIsVisible = 0;
			defaultConfigurationName = Release;
		};
		81CE77191F9A9025003819E9 /* Build configuration list for PBXNativeTarget "MorseSender" */ = {
			isa = XCConfigurationList;
			buildConfigurations = (
				81CE771A1F9A9025003819E9 /* Debug */,
				81CE771B1F9A9025003819E9 /* Release */,
			);
			defaultConfigurationIsVisible = 0;
		};
		81CE771C1F9A9025003819E9 /* Build configuration list for PBXNativeTarget "MorseSenderTests" */ = {
			isa = XCConfigurationList;
			buildConfigurations = (
				81CE771D1F9A9025003819E9 /* Debug */,
				81CE771E1F9A9025003819E9 /* Release */,
			);
			defaultConfigurationIsVisible = 0;
		};
		81CE771F1F9A9025003819E9 /* Build configuration list for PBXNativeTarget "MorseSenderUITests" */ = {
			isa = XCConfigurationList;
			buildConfigurations = (
				81CE77201F9A9025003819E9 /* Debug */,
				81CE77211F9A9025003819E9 /* Release */,
			);
			defaultConfigurationIsVisible = 0;
		};
/* End XCConfigurationList section */
	};
	rootObject = 81CE76E71F9A9024003819E9 /* Project object */;
}
